
Microsoft Visual Studio Solution File, Format Version 12.00
# Visual Studio Version 17
VisualStudioVersion = 17.9.34616.47
MinimumVisualStudioVersion = 10.0.40219.1
Project("{8BC9CEB8-8B4A-11D0-8D11-00A0C91BC942}") = "Snake_Game", "Snake_Game\Snake_Game.vcxproj", "{A704446F-1824-4ACC-9758-B53F09A42C51}"
EndProject
Project("{8BC9CEB8-8B4A-11D0-8D11-00A0C91BC942}") = "SFML", "SFML\SFML.vcxproj", "{0D9DFFE7-5BF2-448D-8639-0FE0BBB8230A}"
EndProject
Project("{8BC9CEB8-8B4A-11D0-8D11-00A0C91BC942}") = "SFMLTemplate", "SFMLTemplate\SFMLTemplate.vcxproj", "{AE2B0BAC-971E-4D90-8222-6E7554C835EE}"
EndProject
Global
	GlobalSection(SolutionConfigurationPlatforms) = preSolution
		Debug|x64 = Debug|x64
		Debug|x86 = Debug|x86
		Release|x64 = Release|x64
		Release|x86 = Release|x86
	EndGlobalSection
	GlobalSection(ProjectConfigurationPlatforms) = postSolution
		{A704446F-1824-4ACC-9758-B53F09A42C51}.Debug|x64.ActiveCfg = Debug|x64
		{A704446F-1824-4ACC-9758-B53F09A42C51}.Debug|x64.Build.0 = Debug|x64
		{A704446F-1824-4ACC-9758-B53F09A42C51}.Debug|x86.ActiveCfg = Debug|Win32
		{A704446F-1824-4ACC-9758-B53F09A42C51}.Debug|x86.Build.0 = Debug|Win32
		{A704446F-1824-4ACC-9758-B53F09A42C51}.Release|x64.ActiveCfg = Release|x64
		{A704446F-1824-4ACC-9758-B53F09A42C51}.Release|x64.Build.0 = Release|x64
		{A704446F-1824-4ACC-9758-B53F09A42C51}.Release|x86.ActiveCfg = Release|Win32
		{A704446F-1824-4ACC-9758-B53F09A42C51}.Release|x86.Build.0 = Release|Win32
		{0D9DFFE7-5BF2-448D-8639-0FE0BBB8230A}.Debug|x64.ActiveCfg = Debug|x64
		{0D9DFFE7-5BF2-448D-8639-0FE0BBB8230A}.Debug|x64.Build.0 = Debug|x64
		{0D9DFFE7-5BF2-448D-8639-0FE0BBB8230A}.Debug|x86.ActiveCfg = Debug|Win32
		{0D9DFFE7-5BF2-448D-8639-0FE0BBB8230A}.Debug|x86.Build.0 = Debug|Win32
		{0D9DFFE7-5BF2-448D-8639-0FE0BBB8230A}.Release|x64.ActiveCfg = Release|x64
		{0D9DFFE7-5BF2-448D-8639-0FE0BBB8230A}.Release|x64.Build.0 = Release|x64
		{0D9DFFE7-5BF2-448D-8639-0FE0BBB8230A}.Release|x86.ActiveCfg = Release|Win32
		{0D9DFFE7-5BF2-448D-8639-0FE0BBB8230A}.Release|x86.Build.0 = Release|Win32
		{AE2B0BAC-971E-4D90-8222-6E7554C835EE}.Debug|x64.ActiveCfg = Debug|x64
		{AE2B0BAC-971E-4D90-8222-6E7554C835EE}.Debug|x64.Build.0 = Debug|x64
		{AE2B0BAC-971E-4D90-8222-6E7554C835EE}.Debug|x86.ActiveCfg = Debug|Win32
		{AE2B0BAC-971E-4D90-8222-6E7554C835EE}.Debug|x86.Build.0 = Debug|Win32
		{AE2B0BAC-971E-4D90-8222-6E7554C835EE}.Release|x64.ActiveCfg = Release|x64
		{AE2B0BAC-971E-4D90-8222-6E7554C835EE}.Release|x64.Build.0 = Release|x64
		{AE2B0BAC-971E-4D90-8222-6E7554C835EE}.Release|x86.ActiveCfg = Release|Win32
		{AE2B0BAC-971E-4D90-8222-6E7554C835EE}.Release|x86.Build.0 = Release|Win32
	EndGlobalSection
	GlobalSection(SolutionProperties) = preSolution
		HideSolutionNode = FALSE
	EndGlobalSection
	GlobalSection(ExtensibilityGlobals) = postSolution
		SolutionGuid = {C2A1B2A1-90F5-45B1-816B-9E96B75D9669}
	EndGlobalSection
EndGlobal
